
Microsoft Visual Studio Solution File, Format Version 12.00
# Visual Studio Version 17
VisualStudioVersion = 17.8.34330.188
MinimumVisualStudioVersion = 10.0.40219.1
Project("{8BC9CEB8-8B4A-11D0-8D11-00A0C91BC942}") = "Loader", "Loader\Loader.vcxproj", "{AA37F45C-EAEE-45F4-8867-1FF3A14447C2}"
EndProject
Global
	GlobalSection(SolutionConfigurationPlatforms) = preSolution
		Debug|ARM64 = Debug|ARM64
		Debug|x64 = Debug|x64
		Debug|x86 = Debug|x86
		Release|ARM64 = Release|ARM64
		Release|x64 = Release|x64
		Release|x86 = Release|x86
	EndGlobalSection
	GlobalSection(ProjectConfigurationPlatforms) = postSolution
		{AA37F45C-EAEE-45F4-8867-1FF3A14447C2}.Debug|ARM64.ActiveCfg = Debug|ARM64
		{AA37F45C-EAEE-45F4-8867-1FF3A14447C2}.Debug|ARM64.Build.0 = Debug|ARM64
		{AA37F45C-EAEE-45F4-8867-1FF3A14447C2}.Debug|x64.ActiveCfg = Debug|x64
		{AA37F45C-EAEE-45F4-8867-1FF3A14447C2}.Debug|x64.Build.0 = Debug|x64
		{AA37F45C-EAEE-45F4-8867-1FF3A14447C2}.Debug|x86.ActiveCfg = Debug|Win32
		{AA37F45C-EAEE-45F4-8867-1FF3A14447C2}.Debug|x86.Build.0 = Debug|Win32
		{AA37F45C-EAEE-45F4-8867-1FF3A14447C2}.Release|ARM64.ActiveCfg = Release|ARM64
		{AA37F45C-EAEE-45F4-8867-1FF3A14447C2}.Release|ARM64.Build.0 = Release|ARM64
		{AA37F45C-EAEE-45F4-8867-1FF3A14447C2}.Release|x64.ActiveCfg = Release|x64
		{AA37F45C-EAEE-45F4-8867-1FF3A14447C2}.Release|x64.Build.0 = Release|x64
		{AA37F45C-EAEE-45F4-8867-1FF3A14447C2}.Release|x86.ActiveCfg = Release|Win32
		{AA37F45C-EAEE-45F4-8867-1FF3A14447C2}.Release|x86.Build.0 = Release|Win32
	EndGlobalSection
	GlobalSection(SolutionProperties) = preSolution
		HideSolutionNode = FALSE
	EndGlobalSection
	GlobalSection(ExtensibilityGlobals) = postSolution
		SolutionGuid = {49A8D791-E37C-4530-95C0-D3C1AD054F47}
	EndGlobalSection
EndGlobal
